{
  "version": 4,
  "terraform_version": "1.3.7",
  "serial": 15,
  "lineage": "717da9f8-c993-4619-cfc3-4420380221f7",
  "outputs": {
    "container_id": {
      "value": "33af6f57bd3e8cfd14b4b207909166501bee46951904272339d15c6958290cd2",
      "type": "string"
    },
    "image_id": {
      "value": "sha256:eda2e747b64389b488d0a3e199aedb44cd849035bd16c9edb605cf3383b4b538sickp/centos-sshd:latest",
      "type": "string"
    }
  },
  "resources": [
    {
      "mode": "managed",
      "type": "docker_container",
      "name": "vpn",
      "provider": "provider[\"registry.terraform.io/kreuzwerker/docker\"]",
      "instances": [
        {
          "schema_version": 2,
          "attributes": {
            "attach": false,
            "bridge": "",
            "capabilities": [],
            "command": [],
            "container_logs": null,
            "cpu_set": "",
            "cpu_shares": 0,
            "destroy_grace_seconds": null,
            "devices": [],
            "dns": null,
            "dns_opts": null,
            "dns_search": null,
            "domainname": "",
            "entrypoint": [
              "/entrypoint.sh"
            ],
            "env": [],
            "exit_code": null,
            "gateway": "172.17.0.1",
            "gpus": null,
            "group_add": null,
            "healthcheck": null,
            "host": [],
            "hostname": "33af6f57bd3e",
            "id": "33af6f57bd3e8cfd14b4b207909166501bee46951904272339d15c6958290cd2",
            "image": "sha256:eda2e747b64389b488d0a3e199aedb44cd849035bd16c9edb605cf3383b4b538",
            "init": false,
            "ip_address": "172.17.0.2",
            "ip_prefix_length": 16,
            "ipc_mode": "private",
            "labels": [],
            "links": null,
            "log_driver": "json-file",
            "log_opts": null,
            "logs": false,
            "max_retry_count": 0,
            "memory": 0,
            "memory_swap": 0,
            "mounts": [],
            "must_run": true,
            "name": "prenom.nom-vpn",
            "network_alias": null,
            "network_data": [
              {
                "gateway": "172.17.0.1",
                "global_ipv6_address": "",
                "global_ipv6_prefix_length": 0,
                "ip_address": "172.17.0.2",
                "ip_prefix_length": 16,
                "ipv6_gateway": "",
                "network_name": "bridge"
              }
            ],
            "network_mode": "default",
            "networks": null,
            "networks_advanced": [],
            "pid_mode": "",
            "ports": [
              {
                "external": 11202,
                "internal": 22,
                "ip": "0.0.0.0",
                "protocol": "tcp"
              },
              {
                "external": 12202,
                "internal": 1194,
                "ip": "0.0.0.0",
                "protocol": "tcp"
              }
            ],
            "privileged": false,
            "publish_all_ports": false,
            "read_only": false,
            "remove_volumes": true,
            "restart": "no",
            "rm": false,
            "runtime": "runc",
            "security_opts": [],
            "shm_size": 64,
            "start": true,
            "stdin_open": false,
            "stop_signal": "",
            "stop_timeout": 0,
            "storage_opts": null,
            "sysctls": null,
            "tmpfs": null,
            "tty": false,
            "ulimit": [],
            "upload": [],
            "user": "",
            "userns_mode": "",
            "volumes": [],
            "working_dir": ""
          },
          "sensitive_attributes": [],
          "private": "eyJzY2hlbWFfdmVyc2lvbiI6IjIifQ==",
          "dependencies": [
            "docker_image.ssh"
          ]
        }
      ]
    },
    {
      "mode": "managed",
      "type": "docker_image",
      "name": "ssh",
      "provider": "provider[\"registry.terraform.io/kreuzwerker/docker\"]",
      "instances": [
        {
          "schema_version": 0,
          "attributes": {
            "build": [],
            "force_remove": null,
            "id": "sha256:eda2e747b64389b488d0a3e199aedb44cd849035bd16c9edb605cf3383b4b538sickp/centos-sshd:latest",
            "image_id": "sha256:eda2e747b64389b488d0a3e199aedb44cd849035bd16c9edb605cf3383b4b538",
            "keep_locally": null,
            "latest": "sha256:eda2e747b64389b488d0a3e199aedb44cd849035bd16c9edb605cf3383b4b538",
            "name": "sickp/centos-sshd:latest",
            "output": null,
            "pull_trigger": null,
            "pull_triggers": null,
            "repo_digest": "sickp/centos-sshd@sha256:b53dfeb1b60d27da493d2907865f10d4c4ebd16c1efd24ec8c065e850a4801c1",
            "triggers": null
          },
          "sensitive_attributes": [],
          "private": "bnVsbA=="
        }
      ]
    }
  ],
  "check_results": null
}
